schema: '2.0'
stages:
  process_imdb:
    cmd: python mentorex2/mentorex2/dataset.py --imdb
    deps:
    - path: mentorex2/data/raw/IMDB Dataset.csv
      hash: md5
      md5: 308443a50e5c993e7b8a1cdb95750026
      size: 66212309
      isexec: true
    - path: mentorex2/mentorex2/dataset.py
      hash: md5
      md5: 9b509b9f2e767344fabd8f7d058c9252
      size: 16990
      isexec: true
    outs:
    - path: mentorex2/data/interim/imdb_interim.json
      hash: md5
      md5: 61d3f6f6c1f3d887587cbfa40424598e
      size: 59645006
      isexec: true
    - path: mentorex2/data/processed/imdb_test_attention_masks.pt
      hash: md5
      md5: 7f04293a71b2711d29c6cf1a88cc8082
      size: 40961334
      isexec: true
    - path: mentorex2/data/processed/imdb_test_input_ids.pt
      hash: md5
      md5: e2b4ee8fb030562cf84acb9a2dd1e533
      size: 40961240
      isexec: true
    - path: mentorex2/data/processed/imdb_test_labels_bert.pt
      hash: md5
      md5: c224929ef46f1fe51a96779d0c85220f
      size: 81250
      isexec: true
    - path: mentorex2/data/processed/imdb_test_labels_boosting.npy
      hash: md5
      md5: acb1c959ebc9d330330a3d3ccd5f8f8f
      size: 80128
      isexec: true
    - path: mentorex2/data/processed/imdb_test_labels_rnn.pt
      hash: md5
      md5: 4dee8d68c6f3689fdc3a516770835ff9
      size: 81245
      isexec: true
    - path: mentorex2/data/processed/imdb_test_lengths_rnn.pt
      hash: md5
      md5: 06d10599edf02d3fbf22827feea0e3b4
      size: 81250
      isexec: true
    - path: mentorex2/data/processed/imdb_test_padded_rnn.pt
      hash: md5
      md5: 460a3cf0ca1375ff0ff0c52fbaf0d5e2
      size: 20481245
      isexec: true
    - path: mentorex2/data/processed/imdb_test_tfidf.pkl
      hash: md5
      md5: adf1ca2cf36c62a0fd9e8f9ebee7809f
      size: 8047918
      isexec: true
    - path: mentorex2/data/processed/imdb_train_attention_masks.pt
      hash: md5
      md5: 8677c62a95335ea1431a874fc15280f0
      size: 163841339
      isexec: true
    - path: mentorex2/data/processed/imdb_train_input_ids.pt
      hash: md5
      md5: dd27e4ac6ae7d94876ed386e8469bbd6
      size: 163841245
      isexec: true
    - path: mentorex2/data/processed/imdb_train_labels_bert.pt
      hash: md5
      md5: b4454f8fa5b65ba4f093947a5248095d
      size: 321319
      isexec: true
    - path: mentorex2/data/processed/imdb_train_labels_boosting.npy
      hash: md5
      md5: 1a45fc0feb8bb634a488bff6c925388d
      size: 320128
      isexec: true
    - path: mentorex2/data/processed/imdb_train_labels_rnn.pt
      hash: md5
      md5: 0b4f969cd362bfb0bdfdbd91d76eed55
      size: 321250
      isexec: true
    - path: mentorex2/data/processed/imdb_train_lengths_rnn.pt
      hash: md5
      md5: 07f555fa839aecdac5a56f0e0509c777
      size: 321319
      isexec: true
    - path: mentorex2/data/processed/imdb_train_padded_rnn.pt
      hash: md5
      md5: 9321e77707e35165d2b784c79a60a85e
      size: 81921250
      isexec: true
    - path: mentorex2/data/processed/imdb_train_tfidf.pkl
      hash: md5
      md5: c522d3eeca67704b8f71087f04c8081b
      size: 32379572
      isexec: true
    - path: mentorex2/data/processed/imdb_vectorizer.pkl
      hash: md5
      md5: 57a5ed76846efa90b8330f887b3ed5c5
      size: 183485
      isexec: true
    - path: mentorex2/data/processed/imdb_vocab.json
      hash: md5
      md5: c89bbdf50997d8cfe8eb33123f30ffe7
      size: 350279
      isexec: true
  process_cifar10_vit:
    cmd: python mentorex2/mentorex2/dataset.py --cifar10_vit
    deps:
    - path: mentorex2/data/raw/cifar10
      hash: md5
      md5: d751713988987e9331980363e24189ce.dir
      size: 0
      nfiles: 0
    - path: mentorex2/mentorex2/dataset.py
      hash: md5
      md5: 9b509b9f2e767344fabd8f7d058c9252
      size: 16990
      isexec: true
    outs:
    - path: mentorex2/data/interim/vit_cifar10_test_images.npy
      hash: md5
      md5: bf0cbae27313744a07197d97c1124154
      size: 122881280
      isexec: true
    - path: mentorex2/data/interim/vit_cifar10_test_labels.npy
      hash: md5
      md5: c9a06675dfe8ea47c7f69281dbfba325
      size: 81280
      isexec: true
    - path: mentorex2/data/interim/vit_cifar10_train_images.npy
      hash: md5
      md5: 33544b0cc90a75956cf2e248a753ec49
      size: 614406400
      isexec: true
    - path: mentorex2/data/interim/vit_cifar10_train_labels.npy
      hash: md5
      md5: 4114d1608a6e9dc34ad91cf8e8aca6c9
      size: 406400
      isexec: true
    - path: mentorex2/data/processed/cifar10_test_images_vit.npy
      hash: md5
      md5: bd2b98340424c6deaada9a3c237281f7
      size: 6021121280
      isexec: true
    - path: mentorex2/data/processed/cifar10_test_labels_vit.npy
      hash: md5
      md5: c9a06675dfe8ea47c7f69281dbfba325
      size: 81280
      isexec: true
    - path: mentorex2/data/processed/cifar10_train_images_vit.npy
      hash: md5
      md5: 24a12a633a16497488ad0e39c4fa9dd2
      size: 30105606400
      isexec: true
    - path: mentorex2/data/processed/cifar10_train_labels_vit.npy
      hash: md5
      md5: 4114d1608a6e9dc34ad91cf8e8aca6c9
      size: 406400
      isexec: true
  process_cifar10_cnn:
    cmd: python mentorex2/mentorex2/dataset.py --cifar10_cnn
    deps:
    - path: mentorex2/data/raw/cifar10
      hash: md5
      md5: d751713988987e9331980363e24189ce.dir
      size: 0
      nfiles: 0
    - path: mentorex2/mentorex2/dataset.py
      hash: md5
      md5: 9b509b9f2e767344fabd8f7d058c9252
      size: 16990
      isexec: true
    outs:
    - path: mentorex2/data/processed/cifar10_test_images_cnn.npy
      hash: md5
      md5: 2093944bec8535e964c7c25c04450a92
      size: 122881280
      isexec: true
    - path: mentorex2/data/processed/cifar10_test_labels_cnn.npy
      hash: md5
      md5: c9a06675dfe8ea47c7f69281dbfba325
      size: 81280
      isexec: true
    - path: mentorex2/data/processed/cifar10_train_images_cnn.npy
      hash: md5
      md5: cb36f25f1b2abaf7e78a124dfdae70e3
      size: 614406400
      isexec: true
    - path: mentorex2/data/processed/cifar10_train_labels_cnn.npy
      hash: md5
      md5: 4114d1608a6e9dc34ad91cf8e8aca6c9
      size: 406400
      isexec: true
  train_boosting:
    cmd: python mentorex2/mentorex2/modeling/train.py --model boosting
    deps:
    - path: mentorex2/data/processed/imdb_test_labels_boosting.npy
      hash: md5
      md5: acb1c959ebc9d330330a3d3ccd5f8f8f
      size: 80128
      isexec: true
    - path: mentorex2/data/processed/imdb_test_tfidf.pkl
      hash: md5
      md5: adf1ca2cf36c62a0fd9e8f9ebee7809f
      size: 8047918
      isexec: true
    - path: mentorex2/data/processed/imdb_train_labels_boosting.npy
      hash: md5
      md5: 1a45fc0feb8bb634a488bff6c925388d
      size: 320128
      isexec: true
    - path: mentorex2/data/processed/imdb_train_tfidf.pkl
      hash: md5
      md5: c522d3eeca67704b8f71087f04c8081b
      size: 32379572
      isexec: true
    - path: mentorex2/data/processed/imdb_vectorizer.pkl
      hash: md5
      md5: e100de96329d93dfe2c8e5f0b9f15914
      size: 183485
      isexec: true
    - path: mentorex2/mentorex2/config.py
      hash: md5
      md5: 3ac2e4f0c650448dde16a281fb8f56ec
      size: 1685
      isexec: true
    - path: mentorex2/mentorex2/modeling/train.py
      hash: md5
      md5: 6126e4727228ef65183987f59a82aeb1
      size: 30818
      isexec: true
    outs:
    - path: mentorex2/models/boosting/boosting_metrics.json
      hash: md5
      md5: 972878dfe8f986f1b5fc3e7cd791f35e
      size: 359
      isexec: true
    - path: mentorex2/models/boosting/catboost_model.cbm
      hash: md5
      md5: c77ac67528d4657b1d35374cc81518f2
      size: 136656
      isexec: true
    - path: mentorex2/models/boosting/lightgbm_model.pkl
      hash: md5
      md5: 74dc795d354aa13d16dd2441be12ee66
      size: 234759
      isexec: true
    - path: mentorex2/models/boosting/xgboost_model.json
      hash: md5
      md5: e667c339b13c358b86be44a3172c809b
      size: 63473
      isexec: true
  train_bert:
    cmd: python mentorex2/mentorex2/modeling/train.py --model bert
    deps:
    - path: mentorex2/data/processed/imdb_test_attention_masks.pt
      hash: md5
      md5: 7f04293a71b2711d29c6cf1a88cc8082
      size: 40961334
      isexec: true
    - path: mentorex2/data/processed/imdb_test_input_ids.pt
      hash: md5
      md5: e2b4ee8fb030562cf84acb9a2dd1e533
      size: 40961240
      isexec: true
    - path: mentorex2/data/processed/imdb_test_labels_bert.pt
      hash: md5
      md5: c224929ef46f1fe51a96779d0c85220f
      size: 81250
      isexec: true
    - path: mentorex2/data/processed/imdb_train_attention_masks.pt
      hash: md5
      md5: 8677c62a95335ea1431a874fc15280f0
      size: 163841339
      isexec: true
    - path: mentorex2/data/processed/imdb_train_input_ids.pt
      hash: md5
      md5: dd27e4ac6ae7d94876ed386e8469bbd6
      size: 163841245
      isexec: true
    - path: mentorex2/data/processed/imdb_train_labels_bert.pt
      hash: md5
      md5: b4454f8fa5b65ba4f093947a5248095d
      size: 321319
      isexec: true
    - path: mentorex2/mentorex2/config.py
      hash: md5
      md5: 3ac2e4f0c650448dde16a281fb8f56ec
      size: 1685
      isexec: true
    - path: mentorex2/mentorex2/modeling/train.py
      hash: md5
      md5: 6126e4727228ef65183987f59a82aeb1
      size: 30818
      isexec: true
    outs:
    - path: mentorex2/models/bert/config.json
      hash: md5
      md5: a8614a36fb5b116e9604ddb20d8e5761
      size: 681
      isexec: true
    - path: mentorex2/models/bert/metrics.json
      hash: md5
      md5: 8d182947a089ef5340ed876b63ce5b8a
      size: 335
      isexec: true
    - path: mentorex2/models/bert/model.safetensors
      hash: md5
      md5: 152c6bfd9b02704853662592894a8443
      size: 437958648
      isexec: true
