schema: '2.0'
stages:
  process_imdb:
    cmd: python mentorex2/mentorex2/dataset.py --imdb
    deps:
    - path: mentorex2/data/raw/IMDB Dataset.csv
      hash: md5
      md5: 308443a50e5c993e7b8a1cdb95750026
      size: 66212309
      isexec: true
    - path: mentorex2/mentorex2/dataset.py
      hash: md5
      md5: 963161fd7a6f4a88c2c0a7bbd267d60f
      size: 13778
      isexec: true
    outs:
    - path: mentorex2/data/interim/imdb_interim.pkl
      hash: md5
      md5: 8f21bd14ac7699e77b71c8f441bf0542
      size: 53760188
      isexec: true
    - path: mentorex2/data/processed/imdb_test_attention_masks.pt
      hash: md5
      md5: 7f04293a71b2711d29c6cf1a88cc8082
      size: 40961334
      isexec: true
    - path: mentorex2/data/processed/imdb_test_input_ids.pt
      hash: md5
      md5: e2b4ee8fb030562cf84acb9a2dd1e533
      size: 40961240
      isexec: true
    - path: mentorex2/data/processed/imdb_test_labels_bert.pt
      hash: md5
      md5: c224929ef46f1fe51a96779d0c85220f
      size: 81250
      isexec: true
    - path: mentorex2/data/processed/imdb_test_labels_boosting.npy
      hash: md5
      md5: acb1c959ebc9d330330a3d3ccd5f8f8f
      size: 80128
      isexec: true
    - path: mentorex2/data/processed/imdb_test_labels_rnn.pt
      hash: md5
      md5: 4dee8d68c6f3689fdc3a516770835ff9
      size: 81245
      isexec: true
    - path: mentorex2/data/processed/imdb_test_lengths_rnn.pt
      hash: md5
      md5: 06d10599edf02d3fbf22827feea0e3b4
      size: 81250
      isexec: true
    - path: mentorex2/data/processed/imdb_test_padded_rnn.pt
      hash: md5
      md5: 460a3cf0ca1375ff0ff0c52fbaf0d5e2
      size: 20481245
      isexec: true
    - path: mentorex2/data/processed/imdb_test_tfidf.pkl
      hash: md5
      md5: adf1ca2cf36c62a0fd9e8f9ebee7809f
      size: 8047918
      isexec: true
    - path: mentorex2/data/processed/imdb_train_attention_masks.pt
      hash: md5
      md5: 8677c62a95335ea1431a874fc15280f0
      size: 163841339
      isexec: true
    - path: mentorex2/data/processed/imdb_train_input_ids.pt
      hash: md5
      md5: dd27e4ac6ae7d94876ed386e8469bbd6
      size: 163841245
      isexec: true
    - path: mentorex2/data/processed/imdb_train_labels_bert.pt
      hash: md5
      md5: b4454f8fa5b65ba4f093947a5248095d
      size: 321319
      isexec: true
    - path: mentorex2/data/processed/imdb_train_labels_boosting.npy
      hash: md5
      md5: 1a45fc0feb8bb634a488bff6c925388d
      size: 320128
      isexec: true
    - path: mentorex2/data/processed/imdb_train_labels_rnn.pt
      hash: md5
      md5: 0b4f969cd362bfb0bdfdbd91d76eed55
      size: 321250
      isexec: true
    - path: mentorex2/data/processed/imdb_train_lengths_rnn.pt
      hash: md5
      md5: 07f555fa839aecdac5a56f0e0509c777
      size: 321319
      isexec: true
    - path: mentorex2/data/processed/imdb_train_padded_rnn.pt
      hash: md5
      md5: 9321e77707e35165d2b784c79a60a85e
      size: 81921250
      isexec: true
    - path: mentorex2/data/processed/imdb_train_tfidf.pkl
      hash: md5
      md5: c522d3eeca67704b8f71087f04c8081b
      size: 32379572
      isexec: true
    - path: mentorex2/data/processed/imdb_vectorizer.pkl
      hash: md5
      md5: afad73f5b5e84ccbaf2f870a0cc73777
      size: 183485
      isexec: true
    - path: mentorex2/data/processed/imdb_vocab.pkl
      hash: md5
      md5: 56d4d493620fba538dc65a08a7fb0294
      size: 261216
      isexec: true
  process_cifar10_vit:
    cmd: python mentorex2/mentorex2/dataset.py --cifar10_vit
    deps:
    - path: mentorex2/data/raw/cifar10
      hash: md5
      md5: d751713988987e9331980363e24189ce.dir
      size: 0
      nfiles: 0
    - path: mentorex2/mentorex2/dataset.py
      hash: md5
      md5: 963161fd7a6f4a88c2c0a7bbd267d60f
      size: 13778
      isexec: true
    outs:
    - path: mentorex2/data/interim/vit_cifar10_test_images.npy
      hash: md5
      md5: bf0cbae27313744a07197d97c1124154
      size: 122881280
      isexec: true
    - path: mentorex2/data/interim/vit_cifar10_test_labels.npy
      hash: md5
      md5: c9a06675dfe8ea47c7f69281dbfba325
      size: 81280
      isexec: true
    - path: mentorex2/data/interim/vit_cifar10_train_images.npy
      hash: md5
      md5: 33544b0cc90a75956cf2e248a753ec49
      size: 614406400
      isexec: true
    - path: mentorex2/data/interim/vit_cifar10_train_labels.npy
      hash: md5
      md5: 4114d1608a6e9dc34ad91cf8e8aca6c9
      size: 406400
      isexec: true
    - path: mentorex2/data/processed/cifar10_test_images_vit.npy
      hash: md5
      md5: bd2b98340424c6deaada9a3c237281f7
      size: 6021121280
      isexec: true
    - path: mentorex2/data/processed/cifar10_test_labels_vit.npy
      hash: md5
      md5: c9a06675dfe8ea47c7f69281dbfba325
      size: 81280
      isexec: true
    - path: mentorex2/data/processed/cifar10_train_images_vit.npy
      hash: md5
      md5: 24a12a633a16497488ad0e39c4fa9dd2
      size: 30105606400
      isexec: true
    - path: mentorex2/data/processed/cifar10_train_labels_vit.npy
      hash: md5
      md5: 4114d1608a6e9dc34ad91cf8e8aca6c9
      size: 406400
      isexec: true
  process_cifar10_cnn:
    cmd: python mentorex2/mentorex2/dataset.py --cifar10_cnn
    deps:
    - path: mentorex2/data/raw/cifar10
      hash: md5
      md5: d751713988987e9331980363e24189ce.dir
      size: 0
      nfiles: 0
    - path: mentorex2/mentorex2/dataset.py
      hash: md5
      md5: 963161fd7a6f4a88c2c0a7bbd267d60f
      size: 13778
      isexec: true
    outs:
    - path: mentorex2/data/processed/cifar10_test_images_cnn.npy
      hash: md5
      md5: 579c187a1d7eca62a927e914cf772156
      size: 122881280
      isexec: true
    - path: mentorex2/data/processed/cifar10_test_labels_cnn.npy
      hash: md5
      md5: c9a06675dfe8ea47c7f69281dbfba325
      size: 81280
      isexec: true
    - path: mentorex2/data/processed/cifar10_train_images_cnn.npy
      hash: md5
      md5: 621f746df2840ea9d176af1965dbd89d
      size: 614406400
      isexec: true
    - path: mentorex2/data/processed/cifar10_train_labels_cnn.npy
      hash: md5
      md5: 4114d1608a6e9dc34ad91cf8e8aca6c9
      size: 406400
      isexec: true
  train_bert:
    cmd: python mentorex2/mentorex2/modeling/train.py --model bert
    deps:
    - path: mentorex2/data/processed/imdb_test_attention_masks.pt
      hash: md5
      md5: 7f04293a71b2711d29c6cf1a88cc8082
      size: 40961334
      isexec: true
    - path: mentorex2/data/processed/imdb_test_input_ids.pt
      hash: md5
      md5: e2b4ee8fb030562cf84acb9a2dd1e533
      size: 40961240
      isexec: true
    - path: mentorex2/data/processed/imdb_test_labels_bert.pt
      hash: md5
      md5: c224929ef46f1fe51a96779d0c85220f
      size: 81250
      isexec: true
    - path: mentorex2/data/processed/imdb_train_attention_masks.pt
      hash: md5
      md5: 8677c62a95335ea1431a874fc15280f0
      size: 163841339
      isexec: true
    - path: mentorex2/data/processed/imdb_train_input_ids.pt
      hash: md5
      md5: dd27e4ac6ae7d94876ed386e8469bbd6
      size: 163841245
      isexec: true
    - path: mentorex2/data/processed/imdb_train_labels_bert.pt
      hash: md5
      md5: b4454f8fa5b65ba4f093947a5248095d
      size: 321319
      isexec: true
    - path: mentorex2/mentorex2/config.py
      hash: md5
      md5: 3ac2e4f0c650448dde16a281fb8f56ec
      size: 1685
      isexec: true
    - path: mentorex2/mentorex2/modeling/train.py
      hash: md5
      md5: f0d7c405aa9709af9ec5a5ce740164c4
      size: 27457
      isexec: true
    outs:
    - path: mentorex2/models/bert/metrics.json
      hash: md5
      md5: 3e5d91d24c692703ef6b75320c926990
      size: 335
      isexec: true
    - path: mentorex2/models/bert/model.safetensors
      hash: md5
      md5: 9598439bf14fd4e0ec57c53f17cf8bc6
      size: 437958648
      isexec: true
